
Microsoft Visual Studio Solution File, Format Version 12.00
# Visual Studio Version 17
VisualStudioVersion = 17.1.32210.238
MinimumVisualStudioVersion = 10.0.40219.1
Project("{FAE04EC0-301F-11D3-BF4B-00C04F79EFBC}") = "ConsoleSnake", "ConsoleSnake\ConsoleSnake.csproj", "{804E6B34-0139-43AD-886A-BF1906569F60}"
EndProject
Global
	GlobalSection(SolutionConfigurationPlatforms) = preSolution
		Debug|Any CPU = Debug|Any CPU
		Release|Any CPU = Release|Any CPU
	EndGlobalSection
	GlobalSection(ProjectConfigurationPlatforms) = postSolution
		{804E6B34-0139-43AD-886A-BF1906569F60}.Debug|Any CPU.ActiveCfg = Debug|Any CPU
		{804E6B34-0139-43AD-886A-BF1906569F60}.Debug|Any CPU.Build.0 = Debug|Any CPU
		{804E6B34-0139-43AD-886A-BF1906569F60}.Release|Any CPU.ActiveCfg = Release|Any CPU
		{804E6B34-0139-43AD-886A-BF1906569F60}.Release|Any CPU.Build.0 = Release|Any CPU
	EndGlobalSection
	GlobalSection(SolutionProperties) = preSolution
		HideSolutionNode = FALSE
	EndGlobalSection
	GlobalSection(ExtensibilityGlobals) = postSolution
		SolutionGuid = {99B9C044-2404-44B8-BBB6-61BA91DE2321}
	EndGlobalSection
EndGlobal
